{
  "name": "public",
  "version": "1.0.0",
  "lockfileVersion": 1,
  "dependencies": {
    "@uirouter/angularjs": {
      "version": "1.0.3",
      "resolved": "https://registry.npmjs.org/@uirouter/angularjs/-/angularjs-1.0.3.tgz",
      "integrity": "sha1-UYuHVUK02G3RqvX0JizO5BbywWY="
    },
    "@uirouter/core": {
      "version": "https://registry.npmjs.org/@uirouter/core/-/core-5.0.3.tgz",
      "integrity": "sha1-4rWx5FGQ4gxnuk4VwBPeXU4MyrM="
    },
    "angular": {
      "version": "https://registry.npmjs.org/angular/-/angular-1.6.4.tgz",
      "integrity": "sha1-A7exXAGggC1+LPWTJA5gQFTcd/s="
    },
    "angular-animate": {
      "version": "https://registry.npmjs.org/angular-animate/-/angular-animate-1.6.4.tgz",
      "integrity": "sha1-0+uQbTmDTy373Zgua416O02QAdI="
    },
    "angular-aria": {
      "version": "1.4.14",
      "resolved": "https://registry.npmjs.org/angular-aria/-/angular-aria-1.4.14.tgz",
      "integrity": "sha1-TIFXGByfZwcxTRXHwqnLy7HrY54="
    },
    "angular-calendar": {
      "version": "0.17.0",
      "resolved": "https://registry.npmjs.org/angular-calendar/-/angular-calendar-0.17.0.tgz",
      "integrity": "sha512-J3fjF3r+7LyUpwkRGzzyTolUCyvS5/1cmak/3CBC7wjr2IEeFzGgmJIL1z2gl8CNVOiVZqn2Pk6x1xL6EUTgXA=="
    },
    "angular-draggable-droppable": {
      "version": "1.0.1",
      "resolved": "https://registry.npmjs.org/angular-draggable-droppable/-/angular-draggable-droppable-1.0.1.tgz",
      "integrity": "sha1-etcMMQmUsPmA9A04Lc5ZlG/jDc8="
    },
    "angular-material": {
      "version": "0.11.4",
      "resolved": "https://registry.npmjs.org/angular-material/-/angular-material-0.11.4.tgz",
      "integrity": "sha1-Z+p3KxMKzoyAsCuB10uANRuRl20="
    },
    "angular-material-calendar": {
      "version": "0.2.14",
      "resolved": "https://registry.npmjs.org/angular-material-calendar/-/angular-material-calendar-0.2.14.tgz",
      "integrity": "sha1-yupbL34LFeLgzCTsrQnFl2CTvV8=",
      "dependencies": {
        "angular": {
          "version": "1.4.14",
          "resolved": "https://registry.npmjs.org/angular/-/angular-1.4.14.tgz",
          "integrity": "sha1-nQ/q9gzm5SzlD0nuMoZW0eGHXDc="
        },
        "angular-animate": {
          "version": "1.4.14",
          "resolved": "https://registry.npmjs.org/angular-animate/-/angular-animate-1.4.14.tgz",
          "integrity": "sha1-7kBoyv234jACYxnsbLkgesqJgDg="
        }
      }
    },
    "angular-resizable-element": {
      "version": "1.1.1",
      "resolved": "https://registry.npmjs.org/angular-resizable-element/-/angular-resizable-element-1.1.1.tgz",
      "integrity": "sha1-LoQSd6L8BguPHdohAlLSXxn7wT4="
    },
    "angular-resource": {
      "version": "1.6.4",
      "resolved": "https://registry.npmjs.org/angular-resource/-/angular-resource-1.6.4.tgz",
      "integrity": "sha1-vLg2iLCn00Av3ljcf0iBODpsDrs="
    },
    "angular-sanitize": {
      "version": "1.4.14",
      "resolved": "https://registry.npmjs.org/angular-sanitize/-/angular-sanitize-1.4.14.tgz",
      "integrity": "sha1-d4xOJJQfqYLYbPfrrD5hP6XUFPw="
    },
    "balanced-match": {
      "version": "0.4.2",
      "resolved": "https://registry.npmjs.org/balanced-match/-/balanced-match-0.4.2.tgz",
      "integrity": "sha1-yz8+PHMtwPAe5wtAPzAuYddwmDg="
    },
    "block-stream": {
      "version": "0.0.9",
      "resolved": "https://registry.npmjs.org/block-stream/-/block-stream-0.0.9.tgz",
      "integrity": "sha1-E+v+d4oDIFz+A3UUgeu0szAMEmo="
    },
    "brace-expansion": {
      "version": "1.1.7",
      "resolved": "https://registry.npmjs.org/brace-expansion/-/brace-expansion-1.1.7.tgz",
      "integrity": "sha1-Pv/DxQ4ABTH7cg6v+A8K6O8jz1k="
    },
    "calendar-utils": {
      "version": "0.0.51",
      "resolved": "https://registry.npmjs.org/calendar-utils/-/calendar-utils-0.0.51.tgz",
      "integrity": "sha512-ADlUL4BKzX0cr5TDyUQP15CJmpeBlYhnhAov3rNQYyXO6P/dqnW/k1WGt1lS71TbpfNFhQxxc5Llzbm4GFA0Bw=="
    },
    "concat-map": {
      "version": "0.0.1",
      "resolved": "https://registry.npmjs.org/concat-map/-/concat-map-0.0.1.tgz",
      "integrity": "sha1-2Klr13/Wjfd5OnMDajug1UBdR3s="
    },
    "date-fns": {
      "version": "1.28.5",
      "resolved": "https://registry.npmjs.org/date-fns/-/date-fns-1.28.5.tgz",
      "integrity": "sha1-JXz8RdMi30XvVlhmWWfuhBzXP68="
    },
    "fs.realpath": {
      "version": "1.0.0",
      "resolved": "https://registry.npmjs.org/fs.realpath/-/fs.realpath-1.0.0.tgz",
      "integrity": "sha1-FQStJSMVjKpA20onh8sBQRmU6k8="
    },
    "fstream": {
      "version": "1.0.11",
      "resolved": "https://registry.npmjs.org/fstream/-/fstream-1.0.11.tgz",
      "integrity": "sha1-XB+x8RdHcRTwYyoOtLcbPLD9MXE="
    },
    "fullcalendar": {
      "version": "3.4.0",
      "resolved": "https://registry.npmjs.org/fullcalendar/-/fullcalendar-3.4.0.tgz",
      "integrity": "sha1-NNq/8qvl6F9wAlx4mludw+pMR2I="
    },
    "glob": {
      "version": "7.1.2",
      "resolved": "https://registry.npmjs.org/glob/-/glob-7.1.2.tgz",
      "integrity": "sha1-wZyd+aAocC1nhhI4SmVSQExjbRU="
    },
    "graceful-fs": {
      "version": "4.1.11",
      "resolved": "https://registry.npmjs.org/graceful-fs/-/graceful-fs-4.1.11.tgz",
      "integrity": "sha1-Dovf5NHduIVNZOBOp8AOKgJuVlg="
    },
    "hammerjs": {
      "version": "2.0.8",
      "resolved": "https://registry.npmjs.org/hammerjs/-/hammerjs-2.0.8.tgz",
      "integrity": "sha1-BO93hiz/K7edMPdpIJWTAiK/YPE="
    },
    "inflight": {
      "version": "1.0.6",
      "resolved": "https://registry.npmjs.org/inflight/-/inflight-1.0.6.tgz",
      "integrity": "sha1-Sb1jMdfQLQwJvJEKEHW6gWW1bfk="
    },
    "inherits": {
      "version": "2.0.3",
      "resolved": "https://registry.npmjs.org/inherits/-/inherits-2.0.3.tgz",
      "integrity": "sha1-Yzwsg+PaQqUC9SRmAiSA9CCCYd4="
    },
    "jquery": {
      "version": "2.2.4",
      "resolved": "https://registry.npmjs.org/jquery/-/jquery-2.2.4.tgz",
      "integrity": "sha1-LInWiJterFIqfuoywUUhVZxsvwI="
    },
    "materialize-css": {
      "version": "0.98.2",
      "resolved": "https://registry.npmjs.org/materialize-css/-/materialize-css-0.98.2.tgz",
      "integrity": "sha1-+eQjn9J+KpF6DeN5101Qji2S7I4="
    },
    "minimatch": {
      "version": "3.0.4",
      "resolved": "https://registry.npmjs.org/minimatch/-/minimatch-3.0.4.tgz",
      "integrity": "sha1-UWbihkV/AzBgZL5Ul+jbsMPTIIM="
    },
    "minimist": {
      "version": "0.0.8",
      "resolved": "https://registry.npmjs.org/minimist/-/minimist-0.0.8.tgz",
      "integrity": "sha1-hX/Kv8M5fSYluCKCYuhqp6ARsF0="
    },
    "mkdirp": {
      "version": "0.5.1",
      "resolved": "https://registry.npmjs.org/mkdirp/-/mkdirp-0.5.1.tgz",
      "integrity": "sha1-MAV0OOrGz3+MR2fzhkjWaX11yQM="
    },
    "moment": {
      "version": "2.18.1",
      "resolved": "https://registry.npmjs.org/moment/-/moment-2.18.1.tgz",
      "integrity": "sha1-w2GT3Tzhwu7SrbfIAtu8d6gbHA8="
    },
    "node-archiver": {
      "version": "0.3.0",
      "resolved": "https://registry.npmjs.org/node-archiver/-/node-archiver-0.3.0.tgz",
      "integrity": "sha1-ufGv5QBtC98pJgGBgzoHCXi8aUc="
    },
    "once": {
      "version": "1.4.0",
      "resolved": "https://registry.npmjs.org/once/-/once-1.4.0.tgz",
      "integrity": "sha1-WDsap3WWHUsROsF9nFC6753Xa9E="
    },
    "path-is-absolute": {
      "version": "1.0.1",
      "resolved": "https://registry.npmjs.org/path-is-absolute/-/path-is-absolute-1.0.1.tgz",
      "integrity": "sha1-F0uSaHNVNP+8es5r9TpanhtcX18="
    },
    "positioning": {
      "version": "1.1.0",
      "resolved": "https://registry.npmjs.org/positioning/-/positioning-1.1.0.tgz",
      "integrity": "sha1-koS/NrLjgDVyjhmvxeB+6JcR5Yw="
    },
    "rimraf": {
      "version": "2.6.1",
      "resolved": "https://registry.npmjs.org/rimraf/-/rimraf-2.6.1.tgz",
      "integrity": "sha1-wjOOxkPfeht/5cVPqG9XQopV8z0="
    },
    "tar": {
      "version": "2.2.1",
      "resolved": "https://registry.npmjs.org/tar/-/tar-2.2.1.tgz",
      "integrity": "sha1-jk0qJWwOIYXGsYrWlK7JaLg8sdE="
    },
    "wrappy": {
      "version": "1.0.2",
      "resolved": "https://registry.npmjs.org/wrappy/-/wrappy-1.0.2.tgz",
      "integrity": "sha1-tSQ9jz7BqjXxNkYFvA0QNuMKtp8="
    }
  }
}
